
Microsoft Visual Studio Solution File, Format Version 12.00
# Visual Studio Version 17
VisualStudioVersion = 17.5.33414.496
MinimumVisualStudioVersion = 10.0.40219.1
Project("{9A19103F-16F7-4668-BE54-9A1E7A4F7556}") = "InfinityCQRS.App.Api", "InfinityCQRS.App.Api\InfinityCQRS.App.Api.csproj", "{4352F0A3-C261-405A-9AD9-F8521E67F752}"
EndProject
Project("{9A19103F-16F7-4668-BE54-9A1E7A4F7556}") = "InfinityCQRS.App.ApiTests", "InfinityCQRS.App.ApiTests\InfinityCQRS.App.ApiTests.csproj", "{06245A3E-EADC-4102-9A38-E253D6E6D581}"
EndProject
Project("{9A19103F-16F7-4668-BE54-9A1E7A4F7556}") = "InfinityCQRS.App.Commands", "InfinityCQRS.App.Commands\InfinityCQRS.App.Commands.csproj", "{1EA3CDDD-31B9-4085-8611-CBA7DB635823}"
EndProject
Project("{9A19103F-16F7-4668-BE54-9A1E7A4F7556}") = "InfinityCQRS.App.Handlers", "InfinityCQRS.App.Handlers\InfinityCQRS.App.Handlers.csproj", "{2EBF5FFD-A5B5-46CE-9076-5C6C17ADA08F}"
EndProject
Project("{9A19103F-16F7-4668-BE54-9A1E7A4F7556}") = "InfinityCQRS.App.HandlersTests", "InfinityCQRS.App.HandlersTests\InfinityCQRS.App.HandlersTests.csproj", "{FF6650ED-E0ED-420B-8AAC-9C58D2D05EF4}"
EndProject
Project("{9A19103F-16F7-4668-BE54-9A1E7A4F7556}") = "InfinityCQRS.App.Validators", "InfinityCQRS.App.Validators\InfinityCQRS.App.Validators.csproj", "{7FE2861F-8225-4081-B738-ECB3847391C3}"
EndProject
Project("{9A19103F-16F7-4668-BE54-9A1E7A4F7556}") = "InfinityCQRS.App.ValidatorsTests", "InfinityCQRS.App.ValidatorsTests\InfinityCQRS.App.ValidatorsTests.csproj", "{C6671A4C-F357-411E-AAD9-9AA3F4DD21E4}"
EndProject
Project("{9A19103F-16F7-4668-BE54-9A1E7A4F7556}") = "InfinityCQRS.App.Database", "InfinityCQRS.App.Database\InfinityCQRS.App.Database.csproj", "{31FFDE3D-031E-486A-A5AC-3B3322F1D4AF}"
EndProject
Project("{9A19103F-16F7-4668-BE54-9A1E7A4F7556}") = "InfinityCQRS.App.Models", "InfinityCQRS.App.Models\InfinityCQRS.App.Models.csproj", "{E998BB5C-D14E-4B66-BAF0-68BDCE6B4CC2}"
EndProject
Project("{9A19103F-16F7-4668-BE54-9A1E7A4F7556}") = "InfinityCQRS.App.Repository", "InfinityCQRS.App.Repository\InfinityCQRS.App.Repository.csproj", "{D0ED2C8E-4A94-4EDF-AF65-77D990FA2EC5}"
EndProject
Project("{9A19103F-16F7-4668-BE54-9A1E7A4F7556}") = "InfinityCQRS.App.RepositoryTests", "InfinityCQRS.App.RepositoryTests\InfinityCQRS.App.RepositoryTests.csproj", "{5ED57B8A-2942-412F-A064-70A7B08D7102}"
EndProject
Project("{9A19103F-16F7-4668-BE54-9A1E7A4F7556}") = "InfinityCQRS.App.CommandResults", "InfinityCQRS.App.CommandResults\InfinityCQRS.App.CommandResults.csproj", "{63670524-AE7C-4F90-B7F5-F1534943397A}"
EndProject
Project("{2150E333-8FDC-42A3-9474-1A3956D46DE8}") = "3. Test", "3. Test", "{FB480F0D-4D58-4446-B6E6-848FCFE31C17}"
EndProject
Project("{2150E333-8FDC-42A3-9474-1A3956D46DE8}") = "2. Core", "2. Core", "{1661DAC1-1D38-48F5-9A45-D838D24599F4}"
EndProject
Project("{2150E333-8FDC-42A3-9474-1A3956D46DE8}") = "1. Presentation", "1. Presentation", "{48E50F21-E8CB-4E73-8083-37C51AB95431}"
EndProject
Global
	GlobalSection(SolutionConfigurationPlatforms) = preSolution
		Debug|Any CPU = Debug|Any CPU
		Release|Any CPU = Release|Any CPU
	EndGlobalSection
	GlobalSection(ProjectConfigurationPlatforms) = postSolution
		{4352F0A3-C261-405A-9AD9-F8521E67F752}.Debug|Any CPU.ActiveCfg = Debug|Any CPU
		{4352F0A3-C261-405A-9AD9-F8521E67F752}.Debug|Any CPU.Build.0 = Debug|Any CPU
		{4352F0A3-C261-405A-9AD9-F8521E67F752}.Release|Any CPU.ActiveCfg = Release|Any CPU
		{4352F0A3-C261-405A-9AD9-F8521E67F752}.Release|Any CPU.Build.0 = Release|Any CPU
		{06245A3E-EADC-4102-9A38-E253D6E6D581}.Debug|Any CPU.ActiveCfg = Debug|Any CPU
		{06245A3E-EADC-4102-9A38-E253D6E6D581}.Debug|Any CPU.Build.0 = Debug|Any CPU
		{06245A3E-EADC-4102-9A38-E253D6E6D581}.Release|Any CPU.ActiveCfg = Release|Any CPU
		{06245A3E-EADC-4102-9A38-E253D6E6D581}.Release|Any CPU.Build.0 = Release|Any CPU
		{1EA3CDDD-31B9-4085-8611-CBA7DB635823}.Debug|Any CPU.ActiveCfg = Debug|Any CPU
		{1EA3CDDD-31B9-4085-8611-CBA7DB635823}.Debug|Any CPU.Build.0 = Debug|Any CPU
		{1EA3CDDD-31B9-4085-8611-CBA7DB635823}.Release|Any CPU.ActiveCfg = Release|Any CPU
		{1EA3CDDD-31B9-4085-8611-CBA7DB635823}.Release|Any CPU.Build.0 = Release|Any CPU
		{2EBF5FFD-A5B5-46CE-9076-5C6C17ADA08F}.Debug|Any CPU.ActiveCfg = Debug|Any CPU
		{2EBF5FFD-A5B5-46CE-9076-5C6C17ADA08F}.Debug|Any CPU.Build.0 = Debug|Any CPU
		{2EBF5FFD-A5B5-46CE-9076-5C6C17ADA08F}.Release|Any CPU.ActiveCfg = Release|Any CPU
		{2EBF5FFD-A5B5-46CE-9076-5C6C17ADA08F}.Release|Any CPU.Build.0 = Release|Any CPU
		{FF6650ED-E0ED-420B-8AAC-9C58D2D05EF4}.Debug|Any CPU.ActiveCfg = Debug|Any CPU
		{FF6650ED-E0ED-420B-8AAC-9C58D2D05EF4}.Debug|Any CPU.Build.0 = Debug|Any CPU
		{FF6650ED-E0ED-420B-8AAC-9C58D2D05EF4}.Release|Any CPU.ActiveCfg = Release|Any CPU
		{FF6650ED-E0ED-420B-8AAC-9C58D2D05EF4}.Release|Any CPU.Build.0 = Release|Any CPU
		{7FE2861F-8225-4081-B738-ECB3847391C3}.Debug|Any CPU.ActiveCfg = Debug|Any CPU
		{7FE2861F-8225-4081-B738-ECB3847391C3}.Debug|Any CPU.Build.0 = Debug|Any CPU
		{7FE2861F-8225-4081-B738-ECB3847391C3}.Release|Any CPU.ActiveCfg = Release|Any CPU
		{7FE2861F-8225-4081-B738-ECB3847391C3}.Release|Any CPU.Build.0 = Release|Any CPU
		{C6671A4C-F357-411E-AAD9-9AA3F4DD21E4}.Debug|Any CPU.ActiveCfg = Debug|Any CPU
		{C6671A4C-F357-411E-AAD9-9AA3F4DD21E4}.Debug|Any CPU.Build.0 = Debug|Any CPU
		{C6671A4C-F357-411E-AAD9-9AA3F4DD21E4}.Release|Any CPU.ActiveCfg = Release|Any CPU
		{C6671A4C-F357-411E-AAD9-9AA3F4DD21E4}.Release|Any CPU.Build.0 = Release|Any CPU
		{31FFDE3D-031E-486A-A5AC-3B3322F1D4AF}.Debug|Any CPU.ActiveCfg = Debug|Any CPU
		{31FFDE3D-031E-486A-A5AC-3B3322F1D4AF}.Debug|Any CPU.Build.0 = Debug|Any CPU
		{31FFDE3D-031E-486A-A5AC-3B3322F1D4AF}.Release|Any CPU.ActiveCfg = Release|Any CPU
		{31FFDE3D-031E-486A-A5AC-3B3322F1D4AF}.Release|Any CPU.Build.0 = Release|Any CPU
		{E998BB5C-D14E-4B66-BAF0-68BDCE6B4CC2}.Debug|Any CPU.ActiveCfg = Debug|Any CPU
		{E998BB5C-D14E-4B66-BAF0-68BDCE6B4CC2}.Debug|Any CPU.Build.0 = Debug|Any CPU
		{E998BB5C-D14E-4B66-BAF0-68BDCE6B4CC2}.Release|Any CPU.ActiveCfg = Release|Any CPU
		{E998BB5C-D14E-4B66-BAF0-68BDCE6B4CC2}.Release|Any CPU.Build.0 = Release|Any CPU
		{D0ED2C8E-4A94-4EDF-AF65-77D990FA2EC5}.Debug|Any CPU.ActiveCfg = Debug|Any CPU
		{D0ED2C8E-4A94-4EDF-AF65-77D990FA2EC5}.Debug|Any CPU.Build.0 = Debug|Any CPU
		{D0ED2C8E-4A94-4EDF-AF65-77D990FA2EC5}.Release|Any CPU.ActiveCfg = Release|Any CPU
		{D0ED2C8E-4A94-4EDF-AF65-77D990FA2EC5}.Release|Any CPU.Build.0 = Release|Any CPU
		{5ED57B8A-2942-412F-A064-70A7B08D7102}.Debug|Any CPU.ActiveCfg = Debug|Any CPU
		{5ED57B8A-2942-412F-A064-70A7B08D7102}.Debug|Any CPU.Build.0 = Debug|Any CPU
		{5ED57B8A-2942-412F-A064-70A7B08D7102}.Release|Any CPU.ActiveCfg = Release|Any CPU
		{5ED57B8A-2942-412F-A064-70A7B08D7102}.Release|Any CPU.Build.0 = Release|Any CPU
		{63670524-AE7C-4F90-B7F5-F1534943397A}.Debug|Any CPU.ActiveCfg = Debug|Any CPU
		{63670524-AE7C-4F90-B7F5-F1534943397A}.Debug|Any CPU.Build.0 = Debug|Any CPU
		{63670524-AE7C-4F90-B7F5-F1534943397A}.Release|Any CPU.ActiveCfg = Release|Any CPU
		{63670524-AE7C-4F90-B7F5-F1534943397A}.Release|Any CPU.Build.0 = Release|Any CPU
	EndGlobalSection
	GlobalSection(SolutionProperties) = preSolution
		HideSolutionNode = FALSE
	EndGlobalSection
	GlobalSection(NestedProjects) = preSolution
		{4352F0A3-C261-405A-9AD9-F8521E67F752} = {48E50F21-E8CB-4E73-8083-37C51AB95431}
		{06245A3E-EADC-4102-9A38-E253D6E6D581} = {FB480F0D-4D58-4446-B6E6-848FCFE31C17}
		{1EA3CDDD-31B9-4085-8611-CBA7DB635823} = {1661DAC1-1D38-48F5-9A45-D838D24599F4}
		{2EBF5FFD-A5B5-46CE-9076-5C6C17ADA08F} = {1661DAC1-1D38-48F5-9A45-D838D24599F4}
		{FF6650ED-E0ED-420B-8AAC-9C58D2D05EF4} = {FB480F0D-4D58-4446-B6E6-848FCFE31C17}
		{7FE2861F-8225-4081-B738-ECB3847391C3} = {1661DAC1-1D38-48F5-9A45-D838D24599F4}
		{C6671A4C-F357-411E-AAD9-9AA3F4DD21E4} = {FB480F0D-4D58-4446-B6E6-848FCFE31C17}
		{31FFDE3D-031E-486A-A5AC-3B3322F1D4AF} = {1661DAC1-1D38-48F5-9A45-D838D24599F4}
		{E998BB5C-D14E-4B66-BAF0-68BDCE6B4CC2} = {1661DAC1-1D38-48F5-9A45-D838D24599F4}
		{D0ED2C8E-4A94-4EDF-AF65-77D990FA2EC5} = {1661DAC1-1D38-48F5-9A45-D838D24599F4}
		{5ED57B8A-2942-412F-A064-70A7B08D7102} = {FB480F0D-4D58-4446-B6E6-848FCFE31C17}
		{63670524-AE7C-4F90-B7F5-F1534943397A} = {1661DAC1-1D38-48F5-9A45-D838D24599F4}
	EndGlobalSection
	GlobalSection(ExtensibilityGlobals) = postSolution
		SolutionGuid = {7353B504-50DD-414E-899F-854479AB89C2}
	EndGlobalSection
EndGlobal
